
Microsoft Visual Studio Solution File, Format Version 12.00
# Visual Studio Version 17
VisualStudioVersion = 17.10.35201.131
MinimumVisualStudioVersion = 10.0.40219.1
Project("{FAE04EC0-301F-11D3-BF4B-00C04F79EFBC}") = "HomeManager", "HomeManager\HomeManager.csproj", "{CDBF2C37-5125-42CC-97B7-5A1206124861}"
EndProject
Global
	GlobalSection(SolutionConfigurationPlatforms) = preSolution
		Debug|Any CPU = Debug|Any CPU
		Release|Any CPU = Release|Any CPU
	EndGlobalSection
	GlobalSection(ProjectConfigurationPlatforms) = postSolution
		{CDBF2C37-5125-42CC-97B7-5A1206124861}.Debug|Any CPU.ActiveCfg = Debug|Any CPU
		{CDBF2C37-5125-42CC-97B7-5A1206124861}.Debug|Any CPU.Build.0 = Debug|Any CPU
		{CDBF2C37-5125-42CC-97B7-5A1206124861}.Release|Any CPU.ActiveCfg = Release|Any CPU
		{CDBF2C37-5125-42CC-97B7-5A1206124861}.Release|Any CPU.Build.0 = Release|Any CPU
	EndGlobalSection
	GlobalSection(SolutionProperties) = preSolution
		HideSolutionNode = FALSE
	EndGlobalSection
	GlobalSection(ExtensibilityGlobals) = postSolution
		SolutionGuid = {A10C6970-012E-46F3-BD16-E58BD46BDB14}
	EndGlobalSection
EndGlobal
